// !$*UTF8*$!
{
	archiveVersion = 1;
	classes = {
	};
	objectVersion = 50;
	objects = {

/* Begin PBXBuildFile section */
		D1687A0822BE4DC5000EE20F /* AppDelegate.swift in Sources */ = {isa = PBXBuildFile; fileRef = D1687A0722BE4DC5000EE20F /* AppDelegate.swift */; };
		D1687A0A22BE4DC5000EE20F /* ViewController.swift in Sources */ = {isa = PBXBuildFile; fileRef = D1687A0922BE4DC5000EE20F /* ViewController.swift */; };
		D1687A0D22BE4DC5000EE20F /* Main.storyboard in Resources */ = {isa = PBXBuildFile; fileRef = D1687A0B22BE4DC5000EE20F /* Main.storyboard */; };
		D1687A0F22BE4DC6000EE20F /* Assets.xcassets in Resources */ = {isa = PBXBuildFile; fileRef = D1687A0E22BE4DC6000EE20F /* Assets.xcassets */; };
		D1687A1222BE4DC6000EE20F /* LaunchScreen.storyboard in Resources */ = {isa = PBXBuildFile; fileRef = D1687A1022BE4DC6000EE20F /* LaunchScreen.storyboard */; };
		D1687A1D22BE4DC7000EE20F /* RxXmlyTests.swift in Sources */ = {isa = PBXBuildFile; fileRef = D1687A1C22BE4DC7000EE20F /* RxXmlyTests.swift */; };
		D1687A2822BE4DC7000EE20F /* RxXmlyUITests.swift in Sources */ = {isa = PBXBuildFile; fileRef = D1687A2722BE4DC7000EE20F /* RxXmlyUITests.swift */; };
		D1687A3922BE4F81000EE20F /* HCMainViewController.swift in Sources */ = {isa = PBXBuildFile; fileRef = D1687A3822BE4F81000EE20F /* HCMainViewController.swift */; };
/* End PBXBuildFile section */

/* Begin PBXContainerItemProxy section */
		D1687A1922BE4DC7000EE20F /* PBXContainerItemProxy */ = {
			isa = PBXContainerItemProxy;
			containerPortal = D16879FC22BE4DC5000EE20F /* Project object */;
			proxyType = 1;
			remoteGlobalIDString = D1687A0322BE4DC5000EE20F;
			remoteInfo = RxXmly;
		};
		D1687A2422BE4DC7000EE20F /* PBXContainerItemProxy */ = {
			isa = PBXContainerItemProxy;
			containerPortal = D16879FC22BE4DC5000EE20F /* Project object */;
			proxyType = 1;
			remoteGlobalIDString = D1687A0322BE4DC5000EE20F;
			remoteInfo = RxXmly;
		};
/* End PBXContainerItemProxy section */

/* Begin PBXFileReference section */
		D1687A0422BE4DC5000EE20F /* RxXmly.app */ = {isa = PBXFileReference; explicitFileType = wrapper.application; includeInIndex = 0; path = RxXmly.app; sourceTree = BUILT_PRODUCTS_DIR; };
		D1687A0722BE4DC5000EE20F /* AppDelegate.swift */ = {isa = PBXFileReference; lastKnownFileType = sourcecode.swift; path = AppDelegate.swift; sourceTree = "<group>"; };
		D1687A0922BE4DC5000EE20F /* ViewController.swift */ = {isa = PBXFileReference; lastKnownFileType = sourcecode.swift; path = ViewController.swift; sourceTree = "<group>"; };
		D1687A0C22BE4DC5000EE20F /* Base */ = {isa = PBXFileReference; lastKnownFileType = file.storyboard; name = Base; path = Base.lproj/Main.storyboard; sourceTree = "<group>"; };
		D1687A0E22BE4DC6000EE20F /* Assets.xcassets */ = {isa = PBXFileReference; lastKnownFileType = folder.assetcatalog; path = Assets.xcassets; sourceTree = "<group>"; };
		D1687A1122BE4DC6000EE20F /* Base */ = {isa = PBXFileReference; lastKnownFileType = file.storyboard; name = Base; path = Base.lproj/LaunchScreen.storyboard; sourceTree = "<group>"; };
		D1687A1322BE4DC6000EE20F /* Info.plist */ = {isa = PBXFileReference; lastKnownFileType = text.plist.xml; path = Info.plist; sourceTree = "<group>"; };
		D1687A1822BE4DC7000EE20F /* RxXmlyTests.xctest */ = {isa = PBXFileReference; explicitFileType = wrapper.cfbundle; includeInIndex = 0; path = RxXmlyTests.xctest; sourceTree = BUILT_PRODUCTS_DIR; };
		D1687A1C22BE4DC7000EE20F /* RxXmlyTests.swift */ = {isa = PBXFileReference; lastKnownFileType = sourcecode.swift; path = RxXmlyTests.swift; sourceTree = "<group>"; };
		D1687A1E22BE4DC7000EE20F /* Info.plist */ = {isa = PBXFileReference; lastKnownFileType = text.plist.xml; path = Info.plist; sourceTree = "<group>"; };
		D1687A2322BE4DC7000EE20F /* RxXmlyUITests.xctest */ = {isa = PBXFileReference; explicitFileType = wrapper.cfbundle; includeInIndex = 0; path = RxXmlyUITests.xctest; sourceTree = BUILT_PRODUCTS_DIR; };
		D1687A2722BE4DC7000EE20F /* RxXmlyUITests.swift */ = {isa = PBXFileReference; lastKnownFileType = sourcecode.swift; path = RxXmlyUITests.swift; sourceTree = "<group>"; };
		D1687A2922BE4DC7000EE20F /* Info.plist */ = {isa = PBXFileReference; lastKnownFileType = text.plist.xml; path = Info.plist; sourceTree = "<group>"; };
		D1687A3822BE4F81000EE20F /* HCMainViewController.swift */ = {isa = PBXFileReference; lastKnownFileType = sourcecode.swift; path = HCMainViewController.swift; sourceTree = "<group>"; };
/* End PBXFileReference section */

/* Begin PBXFrameworksBuildPhase section */
		D1687A0122BE4DC5000EE20F /* Frameworks */ = {
			isa = PBXFrameworksBuildPhase;
			buildActionMask = 2147483647;
			files = (
			);
			runOnlyForDeploymentPostprocessing = 0;
		};
		D1687A1522BE4DC7000EE20F /* Frameworks */ = {
			isa = PBXFrameworksBuildPhase;
			buildActionMask = 2147483647;
			files = (
			);
			runOnlyForDeploymentPostprocessing = 0;
		};
		D1687A2022BE4DC7000EE20F /* Frameworks */ = {
			isa = PBXFrameworksBuildPhase;
			buildActionMask = 2147483647;
			files = (
			);
			runOnlyForDeploymentPostprocessing = 0;
		};
/* End PBXFrameworksBuildPhase section */

/* Begin PBXGroup section */
		D16879FB22BE4DC5000EE20F = {
			isa = PBXGroup;
			children = (
				D1687A0622BE4DC5000EE20F /* RxXmly */,
				D1687A1B22BE4DC7000EE20F /* RxXmlyTests */,
				D1687A2622BE4DC7000EE20F /* RxXmlyUITests */,
				D1687A0522BE4DC5000EE20F /* Products */,
			);
			sourceTree = "<group>";
		};
		D1687A0522BE4DC5000EE20F /* Products */ = {
			isa = PBXGroup;
			children = (
				D1687A0422BE4DC5000EE20F /* RxXmly.app */,
				D1687A1822BE4DC7000EE20F /* RxXmlyTests.xctest */,
				D1687A2322BE4DC7000EE20F /* RxXmlyUITests.xctest */,
			);
			name = Products;
			sourceTree = "<group>";
		};
		D1687A0622BE4DC5000EE20F /* RxXmly */ = {
			isa = PBXGroup;
			children = (
				D1687A3522BE4E11000EE20F /* Classes */,
				D1687A0722BE4DC5000EE20F /* AppDelegate.swift */,
				D1687A0922BE4DC5000EE20F /* ViewController.swift */,
				D1687A0B22BE4DC5000EE20F /* Main.storyboard */,
				D1687A0E22BE4DC6000EE20F /* Assets.xcassets */,
				D1687A1022BE4DC6000EE20F /* LaunchScreen.storyboard */,
				D1687A1322BE4DC6000EE20F /* Info.plist */,
			);
			path = RxXmly;
			sourceTree = "<group>";
		};
		D1687A1B22BE4DC7000EE20F /* RxXmlyTests */ = {
			isa = PBXGroup;
			children = (
				D1687A1C22BE4DC7000EE20F /* RxXmlyTests.swift */,
				D1687A1E22BE4DC7000EE20F /* Info.plist */,
			);
			path = RxXmlyTests;
			sourceTree = "<group>";
		};
		D1687A2622BE4DC7000EE20F /* RxXmlyUITests */ = {
			isa = PBXGroup;
			children = (
				D1687A2722BE4DC7000EE20F /* RxXmlyUITests.swift */,
				D1687A2922BE4DC7000EE20F /* Info.plist */,
			);
			path = RxXmlyUITests;
			sourceTree = "<group>";
		};
		D1687A3522BE4E11000EE20F /* Classes */ = {
			isa = PBXGroup;
			children = (
				D1687A3722BE4E4E000EE20F /* Main */,
				D1687A3622BE4E2F000EE20F /* Common */,
			);
			path = Classes;
			sourceTree = "<group>";
		};
		D1687A3622BE4E2F000EE20F /* Common */ = {
			isa = PBXGroup;
			children = (
			);
			path = Common;
			sourceTree = "<group>";
		};
		D1687A3722BE4E4E000EE20F /* Main */ = {
			isa = PBXGroup;
			children = (
				D1687A3822BE4F81000EE20F /* HCMainViewController.swift */,
			);
			path = Main;
			sourceTree = "<group>";
		};
/* End PBXGroup section */

/* Begin PBXNativeTarget section */
		D1687A0322BE4DC5000EE20F /* RxXmly */ = {
			isa = PBXNativeTarget;
			buildConfigurationList = D1687A2C22BE4DC7000EE20F /* Build configuration list for PBXNativeTarget "RxXmly" */;
			buildPhases = (
				D1687A0022BE4DC5000EE20F /* Sources */,
				D1687A0122BE4DC5000EE20F /* Frameworks */,
				D1687A0222BE4DC5000EE20F /* Resources */,
			);
			buildRules = (
			);
			dependencies = (
			);
			name = RxXmly;
			productName = RxXmly;
			productReference = D1687A0422BE4DC5000EE20F /* RxXmly.app */;
			productType = "com.apple.product-type.application";
		};
		D1687A1722BE4DC7000EE20F /* RxXmlyTests */ = {
			isa = PBXNativeTarget;
			buildConfigurationList = D1687A2F22BE4DC7000EE20F /* Build configuration list for PBXNativeTarget "RxXmlyTests" */;
			buildPhases = (
				D1687A1422BE4DC7000EE20F /* Sources */,
				D1687A1522BE4DC7000EE20F /* Frameworks */,
				D1687A1622BE4DC7000EE20F /* Resources */,
			);
			buildRules = (
			);
			dependencies = (
				D1687A1A22BE4DC7000EE20F /* PBXTargetDependency */,
			);
			name = RxXmlyTests;
			productName = RxXmlyTests;
			productReference = D1687A1822BE4DC7000EE20F /* RxXmlyTests.xctest */;
			productType = "com.apple.product-type.bundle.unit-test";
		};
		D1687A2222BE4DC7000EE20F /* RxXmlyUITests */ = {
			isa = PBXNativeTarget;
			buildConfigurationList = D1687A3222BE4DC7000EE20F /* Build configuration list for PBXNativeTarget "RxXmlyUITests" */;
			buildPhases = (
				D1687A1F22BE4DC7000EE20F /* Sources */,
				D1687A2022BE4DC7000EE20F /* Frameworks */,
				D1687A2122BE4DC7000EE20F /* Resources */,
			);
			buildRules = (
			);
			dependencies = (
				D1687A2522BE4DC7000EE20F /* PBXTargetDependency */,
			);
			name = RxXmlyUITests;
			productName = RxXmlyUITests;
			productReference = D1687A2322BE4DC7000EE20F /* RxXmlyUITests.xctest */;
			productType = "com.apple.product-type.bundle.ui-testing";
		};
/* End PBXNativeTarget section */

/* Begin PBXProject section */
		D16879FC22BE4DC5000EE20F /* Project object */ = {
			isa = PBXProject;
			attributes = {
				LastSwiftUpdateCheck = 1020;
				LastUpgradeCheck = 1020;
				ORGANIZATIONNAME = "林小興";
				TargetAttributes = {
					D1687A0322BE4DC5000EE20F = {
						CreatedOnToolsVersion = 10.2;
					};
					D1687A1722BE4DC7000EE20F = {
						CreatedOnToolsVersion = 10.2;
						TestTargetID = D1687A0322BE4DC5000EE20F;
					};
					D1687A2222BE4DC7000EE20F = {
						CreatedOnToolsVersion = 10.2;
						TestTargetID = D1687A0322BE4DC5000EE20F;
					};
				};
			};
			buildConfigurationList = D16879FF22BE4DC5000EE20F /* Build configuration list for PBXProject "RxXmly" */;
			compatibilityVersion = "Xcode 9.3";
			developmentRegion = en;
			hasScannedForEncodings = 0;
			knownRegions = (
				en,
				Base,
			);
			mainGroup = D16879FB22BE4DC5000EE20F;
			productRefGroup = D1687A0522BE4DC5000EE20F /* Products */;
			projectDirPath = "";
			projectRoot = "";
			targets = (
				D1687A0322BE4DC5000EE20F /* RxXmly */,
				D1687A1722BE4DC7000EE20F /* RxXmlyTests */,
				D1687A2222BE4DC7000EE20F /* RxXmlyUITests */,
			);
		};
/* End PBXProject section */

/* Begin PBXResourcesBuildPhase section */
		D1687A0222BE4DC5000EE20F /* Resources */ = {
			isa = PBXResourcesBuildPhase;
			buildActionMask = 2147483647;
			files = (
				D1687A1222BE4DC6000EE20F /* LaunchScreen.storyboard in Resources */,
				D1687A0F22BE4DC6000EE20F /* Assets.xcassets in Resources */,
				D1687A0D22BE4DC5000EE20F /* Main.storyboard in Resources */,
			);
			runOnlyForDeploymentPostprocessing = 0;
		};
		D1687A1622BE4DC7000EE20F /* Resources */ = {
			isa = PBXResourcesBuildPhase;
			buildActionMask = 2147483647;
			files = (
			);
			runOnlyForDeploymentPostprocessing = 0;
		};
		D1687A2122BE4DC7000EE20F /* Resources */ = {
			isa = PBXResourcesBuildPhase;
			buildActionMask = 2147483647;
			files = (
			);
			runOnlyForDeploymentPostprocessing = 0;
		};
/* End PBXResourcesBuildPhase section */

/* Begin PBXSourcesBuildPhase section */
		D1687A0022BE4DC5000EE20F /* Sources */ = {
			isa = PBXSourcesBuildPhase;
			buildActionMask = 2147483647;
			files = (
				D1687A3922BE4F81000EE20F /* HCMainViewController.swift in Sources */,
				D1687A0A22BE4DC5000EE20F /* ViewController.swift in Sources */,
				D1687A0822BE4DC5000EE20F /* AppDelegate.swift in Sources */,
			);
			runOnlyForDeploymentPostprocessing = 0;
		};
		D1687A1422BE4DC7000EE20F /* Sources */ = {
			isa = PBXSourcesBuildPhase;
			buildActionMask = 2147483647;
			files = (
				D1687A1D22BE4DC7000EE20F /* RxXmlyTests.swift in Sources */,
			);
			runOnlyForDeploymentPostprocessing = 0;
		};
		D1687A1F22BE4DC7000EE20F /* Sources */ = {
			isa = PBXSourcesBuildPhase;
			buildActionMask = 2147483647;
			files = (
				D1687A2822BE4DC7000EE20F /* RxXmlyUITests.swift in Sources */,
			);
			runOnlyForDeploymentPostprocessing = 0;
		};
/* End PBXSourcesBuildPhase section */

/* Begin PBXTargetDependency section */
		D1687A1A22BE4DC7000EE20F /* PBXTargetDependency */ = {
			isa = PBXTargetDependency;
			target = D1687A0322BE4DC5000EE20F /* RxXmly */;
			targetProxy = D1687A1922BE4DC7000EE20F /* PBXContainerItemProxy */;
		};
		D1687A2522BE4DC7000EE20F /* PBXTargetDependency */ = {
			isa = PBXTargetDependency;
			target = D1687A0322BE4DC5000EE20F /* RxXmly */;
			targetProxy = D1687A2422BE4DC7000EE20F /* PBXContainerItemProxy */;
		};
/* End PBXTargetDependency section */

/* Begin PBXVariantGroup section */
		D1687A0B22BE4DC5000EE20F /* Main.storyboard */ = {
			isa = PBXVariantGroup;
			children = (
				D1687A0C22BE4DC5000EE20F /* Base */,
			);
			name = Main.storyboard;
			sourceTree = "<group>";
		};
		D1687A1022BE4DC6000EE20F /* LaunchScreen.storyboard */ = {
			isa = PBXVariantGroup;
			children = (
				D1687A1122BE4DC6000EE20F /* Base */,
			);
			name = LaunchScreen.storyboard;
			sourceTree = "<group>";
		};
/* End PBXVariantGroup section */

/* Begin XCBuildConfiguration section */
		D1687A2A22BE4DC7000EE20F /* Debug */ = {
			isa = XCBuildConfiguration;
			buildSettings = {
				ALWAYS_SEARCH_USER_PATHS = NO;
				CLANG_ANALYZER_NONNULL = YES;
				CLANG_ANALYZER_NUMBER_OBJECT_CONVERSION = YES_AGGRESSIVE;
				CLANG_CXX_LANGUAGE_STANDARD = "gnu++14";
				CLANG_CXX_LIBRARY = "libc++";
				CLANG_ENABLE_MODULES = YES;
				CLANG_ENABLE_OBJC_ARC = YES;
				CLANG_ENABLE_OBJC_WEAK = YES;
				CLANG_WARN_BLOCK_CAPTURE_AUTORELEASING = YES;
				CLANG_WARN_BOOL_CONVERSION = YES;
				CLANG_WARN_COMMA = YES;
				CLANG_WARN_CONSTANT_CONVERSION = YES;
				CLANG_WARN_DEPRECATED_OBJC_IMPLEMENTATIONS = YES;
				CLANG_WARN_DIRECT_OBJC_ISA_USAGE = YES_ERROR;
				CLANG_WARN_DOCUMENTATION_COMMENTS = YES;
				CLANG_WARN_EMPTY_BODY = YES;
				CLANG_WARN_ENUM_CONVERSION = YES;
				CLANG_WARN_INFINITE_RECURSION = YES;
				CLANG_WARN_INT_CONVERSION = YES;
				CLANG_WARN_NON_LITERAL_NULL_CONVERSION = YES;
				CLANG_WARN_OBJC_IMPLICIT_RETAIN_SELF = YES;
				CLANG_WARN_OBJC_LITERAL_CONVERSION = YES;
				CLANG_WARN_OBJC_ROOT_CLASS = YES_ERROR;
				CLANG_WARN_RANGE_LOOP_ANALYSIS = YES;
				CLANG_WARN_STRICT_PROTOTYPES = YES;
				CLANG_WARN_SUSPICIOUS_MOVE = YES;
				CLANG_WARN_UNGUARDED_AVAILABILITY = YES_AGGRESSIVE;
				CLANG_WARN_UNREACHABLE_CODE = YES;
				CLANG_WARN__DUPLICATE_METHOD_MATCH = YES;
				CODE_SIGN_IDENTITY = "iPhone Developer";
				COPY_PHASE_STRIP = NO;
				DEBUG_INFORMATION_FORMAT = dwarf;
				ENABLE_STRICT_OBJC_MSGSEND = YES;
				ENABLE_TESTABILITY = YES;
				GCC_C_LANGUAGE_STANDARD = gnu11;
				GCC_DYNAMIC_NO_PIC = NO;
				GCC_NO_COMMON_BLOCKS = YES;
				GCC_OPTIMIZATION_LEVEL = 0;
				GCC_PREPROCESSOR_DEFINITIONS = (
					"DEBUG=1",
					"$(inherited)",
				);
				GCC_WARN_64_TO_32_BIT_CONVERSION = YES;
				GCC_WARN_ABOUT_RETURN_TYPE = YES_ERROR;
				GCC_WARN_UNDECLARED_SELECTOR = YES;
				GCC_WARN_UNINITIALIZED_AUTOS = YES_AGGRESSIVE;
				GCC_WARN_UNUSED_FUNCTION = YES;
				GCC_WARN_UNUSED_VARIABLE = YES;
				IPHONEOS_DEPLOYMENT_TARGET = 12.2;
				MTL_ENABLE_DEBUG_INFO = INCLUDE_SOURCE;
				MTL_FAST_MATH = YES;
				ONLY_ACTIVE_ARCH = YES;
				SDKROOT = iphoneos;
				SWIFT_ACTIVE_COMPILATION_CONDITIONS = DEBUG;
				SWIFT_OPTIMIZATION_LEVEL = "-Onone";
			};
			name = Debug;
		};
		D1687A2B22BE4DC7000EE20F /* Release */ = {
			isa = XCBuildConfiguration;
			buildSettings = {
				ALWAYS_SEARCH_USER_PATHS = NO;
				CLANG_ANALYZER_NONNULL = YES;
				CLANG_ANALYZER_NUMBER_OBJECT_CONVERSION = YES_AGGRESSIVE;
				CLANG_CXX_LANGUAGE_STANDARD = "gnu++14";
				CLANG_CXX_LIBRARY = "libc++";
				CLANG_ENABLE_MODULES = YES;
				CLANG_ENABLE_OBJC_ARC = YES;
				CLANG_ENABLE_OBJC_WEAK = YES;
				CLANG_WARN_BLOCK_CAPTURE_AUTORELEASING = YES;
				CLANG_WARN_BOOL_CONVERSION = YES;
				CLANG_WARN_COMMA = YES;
				CLANG_WARN_CONSTANT_CONVERSION = YES;
				CLANG_WARN_DEPRECATED_OBJC_IMPLEMENTATIONS = YES;
				CLANG_WARN_DIRECT_OBJC_ISA_USAGE = YES_ERROR;
				CLANG_WARN_DOCUMENTATION_COMMENTS = YES;
				CLANG_WARN_EMPTY_BODY = YES;
				CLANG_WARN_ENUM_CONVERSION = YES;
				CLANG_WARN_INFINITE_RECURSION = YES;
				CLANG_WARN_INT_CONVERSION = YES;
				CLANG_WARN_NON_LITERAL_NULL_CONVERSION = YES;
				CLANG_WARN_OBJC_IMPLICIT_RETAIN_SELF = YES;
				CLANG_WARN_OBJC_LITERAL_CONVERSION = YES;
				CLANG_WARN_OBJC_ROOT_CLASS = YES_ERROR;
				CLANG_WARN_RANGE_LOOP_ANALYSIS = YES;
				CLANG_WARN_STRICT_PROTOTYPES = YES;
				CLANG_WARN_SUSPICIOUS_MOVE = YES;
				CLANG_WARN_UNGUARDED_AVAILABILITY = YES_AGGRESSIVE;
				CLANG_WARN_UNREACHABLE_CODE = YES;
				CLANG_WARN__DUPLICATE_METHOD_MATCH = YES;
				CODE_SIGN_IDENTITY = "iPhone Developer";
				COPY_PHASE_STRIP = NO;
				DEBUG_INFORMATION_FORMAT = "dwarf-with-dsym";
				ENABLE_NS_ASSERTIONS = NO;
				ENABLE_STRICT_OBJC_MSGSEND = YES;
				GCC_C_LANGUAGE_STANDARD = gnu11;
				GCC_NO_COMMON_BLOCKS = YES;
				GCC_WARN_64_TO_32_BIT_CONVERSION = YES;
				GCC_WARN_ABOUT_RETURN_TYPE = YES_ERROR;
				GCC_WARN_UNDECLARED_SELECTOR = YES;
				GCC_WARN_UNINITIALIZED_AUTOS = YES_AGGRESSIVE;
				GCC_WARN_UNUSED_FUNCTION = YES;
				GCC_WARN_UNUSED_VARIABLE = YES;
				IPHONEOS_DEPLOYMENT_TARGET = 12.2;
				MTL_ENABLE_DEBUG_INFO = NO;
				MTL_FAST_MATH = YES;
				SDKROOT = iphoneos;
				SWIFT_COMPILATION_MODE = wholemodule;
				SWIFT_OPTIMIZATION_LEVEL = "-O";
				VALIDATE_PRODUCT = YES;
			};
			name = Release;
		};
		D1687A2D22BE4DC7000EE20F /* Debug */ = {
			isa = XCBuildConfiguration;
			buildSettings = {
				ASSETCATALOG_COMPILER_APPICON_NAME = AppIcon;
				CODE_SIGN_STYLE = Automatic;
				DEVELOPMENT_TEAM = FC6L75WZ8A;
				INFOPLIST_FILE = RxXmly/Info.plist;
				LD_RUNPATH_SEARCH_PATHS = (
					"$(inherited)",
					"@executable_path/Frameworks",
				);
				PRODUCT_BUNDLE_IDENTIFIER = test.RxXmly;
				PRODUCT_NAME = "$(TARGET_NAME)";
				SWIFT_VERSION = 5.0;
				TARGETED_DEVICE_FAMILY = "1,2";
			};
			name = Debug;
		};
		D1687A2E22BE4DC7000EE20F /* Release */ = {
			isa = XCBuildConfiguration;
			buildSettings = {
				ASSETCATALOG_COMPILER_APPICON_NAME = AppIcon;
				CODE_SIGN_STYLE = Automatic;
				DEVELOPMENT_TEAM = FC6L75WZ8A;
				INFOPLIST_FILE = RxXmly/Info.plist;
				LD_RUNPATH_SEARCH_PATHS = (
					"$(inherited)",
					"@executable_path/Frameworks",
				);
				PRODUCT_BUNDLE_IDENTIFIER = test.RxXmly;
				PRODUCT_NAME = "$(TARGET_NAME)";
				SWIFT_VERSION = 5.0;
				TARGETED_DEVICE_FAMILY = "1,2";
			};
			name = Release;
		};
		D1687A3022BE4DC7000EE20F /* Debug */ = {
			isa = XCBuildConfiguration;
			buildSettings = {
				ALWAYS_EMBED_SWIFT_STANDARD_LIBRARIES = YES;
				BUNDLE_LOADER = "$(TEST_HOST)";
				CODE_SIGN_STYLE = Automatic;
				DEVELOPMENT_TEAM = FC6L75WZ8A;
				INFOPLIST_FILE = RxXmlyTests/Info.plist;
				LD_RUNPATH_SEARCH_PATHS = (
					"$(inherited)",
					"@executable_path/Frameworks",
					"@loader_path/Frameworks",
				);
				PRODUCT_BUNDLE_IDENTIFIER = test.RxXmlyTests;
				PRODUCT_NAME = "$(TARGET_NAME)";
				SWIFT_VERSION = 5.0;
				TARGETED_DEVICE_FAMILY = "1,2";
				TEST_HOST = "$(BUILT_PRODUCTS_DIR)/RxXmly.app/RxXmly";
			};
			name = Debug;
		};
		D1687A3122BE4DC7000EE20F /* Release */ = {
			isa = XCBuildConfiguration;
			buildSettings = {
				ALWAYS_EMBED_SWIFT_STANDARD_LIBRARIES = YES;
				BUNDLE_LOADER = "$(TEST_HOST)";
				CODE_SIGN_STYLE = Automatic;
				DEVELOPMENT_TEAM = FC6L75WZ8A;
				INFOPLIST_FILE = RxXmlyTests/Info.plist;
				LD_RUNPATH_SEARCH_PATHS = (
					"$(inherited)",
					"@executable_path/Frameworks",
					"@loader_path/Frameworks",
				);
				PRODUCT_BUNDLE_IDENTIFIER = test.RxXmlyTests;
				PRODUCT_NAME = "$(TARGET_NAME)";
				SWIFT_VERSION = 5.0;
				TARGETED_DEVICE_FAMILY = "1,2";
				TEST_HOST = "$(BUILT_PRODUCTS_DIR)/RxXmly.app/RxXmly";
			};
			name = Release;
		};
		D1687A3322BE4DC7000EE20F /* Debug */ = {
			isa = XCBuildConfiguration;
			buildSettings = {
				ALWAYS_EMBED_SWIFT_STANDARD_LIBRARIES = YES;
				CODE_SIGN_STYLE = Automatic;
				DEVELOPMENT_TEAM = FC6L75WZ8A;
				INFOPLIST_FILE = RxXmlyUITests/Info.plist;
				LD_RUNPATH_SEARCH_PATHS = (
					"$(inherited)",
					"@executable_path/Frameworks",
					"@loader_path/Frameworks",
				);
				PRODUCT_BUNDLE_IDENTIFIER = test.RxXmlyUITests;
				PRODUCT_NAME = "$(TARGET_NAME)";
				SWIFT_VERSION = 5.0;
				TARGETED_DEVICE_FAMILY = "1,2";
				TEST_TARGET_NAME = RxXmly;
			};
			name = Debug;
		};
		D1687A3422BE4DC7000EE20F /* Release */ = {
			isa = XCBuildConfiguration;
			buildSettings = {
				ALWAYS_EMBED_SWIFT_STANDARD_LIBRARIES = YES;
				CODE_SIGN_STYLE = Automatic;
				DEVELOPMENT_TEAM = FC6L75WZ8A;
				INFOPLIST_FILE = RxXmlyUITests/Info.plist;
				LD_RUNPATH_SEARCH_PATHS = (
					"$(inherited)",
					"@executable_path/Frameworks",
					"@loader_path/Frameworks",
				);
				PRODUCT_BUNDLE_IDENTIFIER = test.RxXmlyUITests;
				PRODUCT_NAME = "$(TARGET_NAME)";
				SWIFT_VERSION = 5.0;
				TARGETED_DEVICE_FAMILY = "1,2";
				TEST_TARGET_NAME = RxXmly;
			};
			name = Release;
		};
/* End XCBuildConfiguration section */

/* Begin XCConfigurationList section */
		D16879FF22BE4DC5000EE20F /* Build configuration list for PBXProject "RxXmly" */ = {
			isa = XCConfigurationList;
			buildConfigurations = (
				D1687A2A22BE4DC7000EE20F /* Debug */,
				D1687A2B22BE4DC7000EE20F /* Release */,
			);
			defaultConfigurationIsVisible = 0;
			defaultConfigurationName = Release;
		};
		D1687A2C22BE4DC7000EE20F /* Build configuration list for PBXNativeTarget "RxXmly" */ = {
			isa = XCConfigurationList;
			buildConfigurations = (
				D1687A2D22BE4DC7000EE20F /* Debug */,
				D1687A2E22BE4DC7000EE20F /* Release */,
			);
			defaultConfigurationIsVisible = 0;
			defaultConfigurationName = Release;
		};
		D1687A2F22BE4DC7000EE20F /* Build configuration list for PBXNativeTarget "RxXmlyTests" */ = {
			isa = XCConfigurationList;
			buildConfigurations = (
				D1687A3022BE4DC7000EE20F /* Debug */,
				D1687A3122BE4DC7000EE20F /* Release */,
			);
			defaultConfigurationIsVisible = 0;
			defaultConfigurationName = Release;
		};
		D1687A3222BE4DC7000EE20F /* Build configuration list for PBXNativeTarget "RxXmlyUITests" */ = {
			isa = XCConfigurationList;
			buildConfigurations = (
				D1687A3322BE4DC7000EE20F /* Debug */,
				D1687A3422BE4DC7000EE20F /* Release */,
			);
			defaultConfigurationIsVisible = 0;
			defaultConfigurationName = Release;
		};
/* End XCConfigurationList section */
	};
	rootObject = D16879FC22BE4DC5000EE20F /* Project object */;
}
