PODS:
  - Alamofire (4.8.2)
  - FDFullscreenPopGesture (1.1)
  - Kingfisher (4.10.1)
  - MJRefresh (3.1.16)
  - SnapKit (4.2.0)
  - SVProgressHUD (2.2.5)
  - SwiftyJSON (4.2.0)

DEPENDENCIES:
  - Alamofire
  - FDFullscreenPopGesture (~> 1.1)
  - Kingfisher
  - MJRefresh
  - SnapKit
  - SVProgressHUD
  - SwiftyJSON

SPEC REPOS:
  https://github.com/cocoapods/specs.git:
    - Alamofire
    - FDFullscreenPopGesture
    - Kingfisher
    - MJRefresh
    - SnapKit
    - SVProgressHUD
    - SwiftyJSON

SPEC CHECKSUMS:
  Alamofire: ae5c501addb7afdbb13687d7f2f722c78734c2d3
  FDFullscreenPopGesture: a8a620179e3d9c40e8e00256dcee1c1a27c6d0f0
  Kingfisher: c148cd7b47ebde9989f6bc7c27dcaa79d81279a0
  MJRefresh: 7798e16e53a5ef7f332dd05b27664db4e29530fd
  SnapKit: fe8a619752f3f27075cc9a90244d75c6c3f27e2a
  SVProgressHUD: 1428aafac632c1f86f62aa4243ec12008d7a51d6
  SwiftyJSON: c4bcba26dd9ec7a027fc8eade48e2c911f229e96

PODFILE CHECKSUM: cb2f3204ca1b2cb902934c83da16d9fddabba43d

COCOAPODS: 1.6.1
