// !$*UTF8*$!
{
	archiveVersion = 1;
	classes = {
	};
	objectVersion = 50;
	objects = {

/* Begin PBXBuildFile section */
		B01D2E2E6C2E0CA12FB90B66 /* Pods_TodayNews.framework in Frameworks */ = {isa = PBXBuildFile; fileRef = 8BCE3F3DE37AFA851701F24B /* Pods_TodayNews.framework */; };
		D1EC0AE1228CD5D800A3C47E /* AppDelegate.swift in Sources */ = {isa = PBXBuildFile; fileRef = D1EC0AE0228CD5D800A3C47E /* AppDelegate.swift */; };
		D1EC0AE3228CD5D800A3C47E /* ViewController.swift in Sources */ = {isa = PBXBuildFile; fileRef = D1EC0AE2228CD5D800A3C47E /* ViewController.swift */; };
		D1EC0AE6228CD5D800A3C47E /* Main.storyboard in Resources */ = {isa = PBXBuildFile; fileRef = D1EC0AE4228CD5D800A3C47E /* Main.storyboard */; };
		D1EC0AE8228CD5DC00A3C47E /* Assets.xcassets in Resources */ = {isa = PBXBuildFile; fileRef = D1EC0AE7228CD5DC00A3C47E /* Assets.xcassets */; };
		D1EC0AEB228CD5DC00A3C47E /* LaunchScreen.storyboard in Resources */ = {isa = PBXBuildFile; fileRef = D1EC0AE9228CD5DC00A3C47E /* LaunchScreen.storyboard */; };
		D1EC0AF6228CD5DD00A3C47E /* TodayNewsTests.swift in Sources */ = {isa = PBXBuildFile; fileRef = D1EC0AF5228CD5DD00A3C47E /* TodayNewsTests.swift */; };
		D1EC0B01228CD5DD00A3C47E /* TodayNewsUITests.swift in Sources */ = {isa = PBXBuildFile; fileRef = D1EC0B00228CD5DD00A3C47E /* TodayNewsUITests.swift */; };
		D1EC0B0F228CD6BD00A3C47E /* YMTabBarController.swift in Sources */ = {isa = PBXBuildFile; fileRef = D1EC0B0E228CD6BD00A3C47E /* YMTabBarController.swift */; };
		D1EC0B11228CD6FA00A3C47E /* YMBaseViewController.swift in Sources */ = {isa = PBXBuildFile; fileRef = D1EC0B10228CD6FA00A3C47E /* YMBaseViewController.swift */; };
		D1EC0B13228CD72600A3C47E /* YMHomeViewController.swift in Sources */ = {isa = PBXBuildFile; fileRef = D1EC0B12228CD72600A3C47E /* YMHomeViewController.swift */; };
		D1EC0B15228CD74500A3C47E /* YMMineViewController.swift in Sources */ = {isa = PBXBuildFile; fileRef = D1EC0B14228CD74500A3C47E /* YMMineViewController.swift */; };
		D1EC0B17228CD77200A3C47E /* YMNewCareViewController.swift in Sources */ = {isa = PBXBuildFile; fileRef = D1EC0B16228CD77200A3C47E /* YMNewCareViewController.swift */; };
		D1EC0B19228CD7C100A3C47E /* YMVideoViewController.swift in Sources */ = {isa = PBXBuildFile; fileRef = D1EC0B18228CD7C100A3C47E /* YMVideoViewController.swift */; };
		D1EC0B1B228CDAEA00A3C47E /* YMNavigationController.swift in Sources */ = {isa = PBXBuildFile; fileRef = D1EC0B1A228CDAEA00A3C47E /* YMNavigationController.swift */; };
/* End PBXBuildFile section */

/* Begin PBXContainerItemProxy section */
		D1EC0AF2228CD5DD00A3C47E /* PBXContainerItemProxy */ = {
			isa = PBXContainerItemProxy;
			containerPortal = D1EC0AD5228CD5D800A3C47E /* Project object */;
			proxyType = 1;
			remoteGlobalIDString = D1EC0ADC228CD5D800A3C47E;
			remoteInfo = TodayNews;
		};
		D1EC0AFD228CD5DD00A3C47E /* PBXContainerItemProxy */ = {
			isa = PBXContainerItemProxy;
			containerPortal = D1EC0AD5228CD5D800A3C47E /* Project object */;
			proxyType = 1;
			remoteGlobalIDString = D1EC0ADC228CD5D800A3C47E;
			remoteInfo = TodayNews;
		};
/* End PBXContainerItemProxy section */

/* Begin PBXFileReference section */
		8BCE3F3DE37AFA851701F24B /* Pods_TodayNews.framework */ = {isa = PBXFileReference; explicitFileType = wrapper.framework; includeInIndex = 0; path = Pods_TodayNews.framework; sourceTree = BUILT_PRODUCTS_DIR; };
		B7E5AD36BC72EF5B129B8600 /* Pods-TodayNews.debug.xcconfig */ = {isa = PBXFileReference; includeInIndex = 1; lastKnownFileType = text.xcconfig; name = "Pods-TodayNews.debug.xcconfig"; path = "Target Support Files/Pods-TodayNews/Pods-TodayNews.debug.xcconfig"; sourceTree = "<group>"; };
		D1EC0ADD228CD5D800A3C47E /* TodayNews.app */ = {isa = PBXFileReference; explicitFileType = wrapper.application; includeInIndex = 0; path = TodayNews.app; sourceTree = BUILT_PRODUCTS_DIR; };
		D1EC0AE0228CD5D800A3C47E /* AppDelegate.swift */ = {isa = PBXFileReference; lastKnownFileType = sourcecode.swift; path = AppDelegate.swift; sourceTree = "<group>"; };
		D1EC0AE2228CD5D800A3C47E /* ViewController.swift */ = {isa = PBXFileReference; lastKnownFileType = sourcecode.swift; path = ViewController.swift; sourceTree = "<group>"; };
		D1EC0AE5228CD5D800A3C47E /* Base */ = {isa = PBXFileReference; lastKnownFileType = file.storyboard; name = Base; path = Base.lproj/Main.storyboard; sourceTree = "<group>"; };
		D1EC0AE7228CD5DC00A3C47E /* Assets.xcassets */ = {isa = PBXFileReference; lastKnownFileType = folder.assetcatalog; path = Assets.xcassets; sourceTree = "<group>"; };
		D1EC0AEA228CD5DC00A3C47E /* Base */ = {isa = PBXFileReference; lastKnownFileType = file.storyboard; name = Base; path = Base.lproj/LaunchScreen.storyboard; sourceTree = "<group>"; };
		D1EC0AEC228CD5DC00A3C47E /* Info.plist */ = {isa = PBXFileReference; lastKnownFileType = text.plist.xml; path = Info.plist; sourceTree = "<group>"; };
		D1EC0AF1228CD5DD00A3C47E /* TodayNewsTests.xctest */ = {isa = PBXFileReference; explicitFileType = wrapper.cfbundle; includeInIndex = 0; path = TodayNewsTests.xctest; sourceTree = BUILT_PRODUCTS_DIR; };
		D1EC0AF5228CD5DD00A3C47E /* TodayNewsTests.swift */ = {isa = PBXFileReference; lastKnownFileType = sourcecode.swift; path = TodayNewsTests.swift; sourceTree = "<group>"; };
		D1EC0AF7228CD5DD00A3C47E /* Info.plist */ = {isa = PBXFileReference; lastKnownFileType = text.plist.xml; path = Info.plist; sourceTree = "<group>"; };
		D1EC0AFC228CD5DD00A3C47E /* TodayNewsUITests.xctest */ = {isa = PBXFileReference; explicitFileType = wrapper.cfbundle; includeInIndex = 0; path = TodayNewsUITests.xctest; sourceTree = BUILT_PRODUCTS_DIR; };
		D1EC0B00228CD5DD00A3C47E /* TodayNewsUITests.swift */ = {isa = PBXFileReference; lastKnownFileType = sourcecode.swift; path = TodayNewsUITests.swift; sourceTree = "<group>"; };
		D1EC0B02228CD5DD00A3C47E /* Info.plist */ = {isa = PBXFileReference; lastKnownFileType = text.plist.xml; path = Info.plist; sourceTree = "<group>"; };
		D1EC0B0E228CD6BD00A3C47E /* YMTabBarController.swift */ = {isa = PBXFileReference; lastKnownFileType = sourcecode.swift; path = YMTabBarController.swift; sourceTree = "<group>"; };
		D1EC0B10228CD6FA00A3C47E /* YMBaseViewController.swift */ = {isa = PBXFileReference; lastKnownFileType = sourcecode.swift; path = YMBaseViewController.swift; sourceTree = "<group>"; };
		D1EC0B12228CD72600A3C47E /* YMHomeViewController.swift */ = {isa = PBXFileReference; lastKnownFileType = sourcecode.swift; path = YMHomeViewController.swift; sourceTree = "<group>"; };
		D1EC0B14228CD74500A3C47E /* YMMineViewController.swift */ = {isa = PBXFileReference; lastKnownFileType = sourcecode.swift; path = YMMineViewController.swift; sourceTree = "<group>"; };
		D1EC0B16228CD77200A3C47E /* YMNewCareViewController.swift */ = {isa = PBXFileReference; lastKnownFileType = sourcecode.swift; path = YMNewCareViewController.swift; sourceTree = "<group>"; };
		D1EC0B18228CD7C100A3C47E /* YMVideoViewController.swift */ = {isa = PBXFileReference; lastKnownFileType = sourcecode.swift; path = YMVideoViewController.swift; sourceTree = "<group>"; };
		D1EC0B1A228CDAEA00A3C47E /* YMNavigationController.swift */ = {isa = PBXFileReference; lastKnownFileType = sourcecode.swift; path = YMNavigationController.swift; sourceTree = "<group>"; };
		FF2100FC8B7AE4199733F376 /* Pods-TodayNews.release.xcconfig */ = {isa = PBXFileReference; includeInIndex = 1; lastKnownFileType = text.xcconfig; name = "Pods-TodayNews.release.xcconfig"; path = "Target Support Files/Pods-TodayNews/Pods-TodayNews.release.xcconfig"; sourceTree = "<group>"; };
/* End PBXFileReference section */

/* Begin PBXFrameworksBuildPhase section */
		D1EC0ADA228CD5D800A3C47E /* Frameworks */ = {
			isa = PBXFrameworksBuildPhase;
			buildActionMask = 2147483647;
			files = (
				B01D2E2E6C2E0CA12FB90B66 /* Pods_TodayNews.framework in Frameworks */,
			);
			runOnlyForDeploymentPostprocessing = 0;
		};
		D1EC0AEE228CD5DD00A3C47E /* Frameworks */ = {
			isa = PBXFrameworksBuildPhase;
			buildActionMask = 2147483647;
			files = (
			);
			runOnlyForDeploymentPostprocessing = 0;
		};
		D1EC0AF9228CD5DD00A3C47E /* Frameworks */ = {
			isa = PBXFrameworksBuildPhase;
			buildActionMask = 2147483647;
			files = (
			);
			runOnlyForDeploymentPostprocessing = 0;
		};
/* End PBXFrameworksBuildPhase section */

/* Begin PBXGroup section */
		742493954B96B0E92CA2D295 /* Frameworks */ = {
			isa = PBXGroup;
			children = (
				8BCE3F3DE37AFA851701F24B /* Pods_TodayNews.framework */,
			);
			name = Frameworks;
			sourceTree = "<group>";
		};
		BA85540BBF0FB5957D005E11 /* Pods */ = {
			isa = PBXGroup;
			children = (
				B7E5AD36BC72EF5B129B8600 /* Pods-TodayNews.debug.xcconfig */,
				FF2100FC8B7AE4199733F376 /* Pods-TodayNews.release.xcconfig */,
			);
			name = Pods;
			path = Pods;
			sourceTree = "<group>";
		};
		D1EC0AD4228CD5D800A3C47E = {
			isa = PBXGroup;
			children = (
				D1EC0ADF228CD5D800A3C47E /* TodayNews */,
				D1EC0AF4228CD5DD00A3C47E /* TodayNewsTests */,
				D1EC0AFF228CD5DD00A3C47E /* TodayNewsUITests */,
				D1EC0ADE228CD5D800A3C47E /* Products */,
				BA85540BBF0FB5957D005E11 /* Pods */,
				742493954B96B0E92CA2D295 /* Frameworks */,
			);
			sourceTree = "<group>";
		};
		D1EC0ADE228CD5D800A3C47E /* Products */ = {
			isa = PBXGroup;
			children = (
				D1EC0ADD228CD5D800A3C47E /* TodayNews.app */,
				D1EC0AF1228CD5DD00A3C47E /* TodayNewsTests.xctest */,
				D1EC0AFC228CD5DD00A3C47E /* TodayNewsUITests.xctest */,
			);
			name = Products;
			sourceTree = "<group>";
		};
		D1EC0ADF228CD5D800A3C47E /* TodayNews */ = {
			isa = PBXGroup;
			children = (
				D1EC0AE0228CD5D800A3C47E /* AppDelegate.swift */,
				D1EC0AE2228CD5D800A3C47E /* ViewController.swift */,
				D1EC0AE4228CD5D800A3C47E /* Main.storyboard */,
				D1EC0B0E228CD6BD00A3C47E /* YMTabBarController.swift */,
				D1EC0B1A228CDAEA00A3C47E /* YMNavigationController.swift */,
				D1EC0B10228CD6FA00A3C47E /* YMBaseViewController.swift */,
				D1EC0B12228CD72600A3C47E /* YMHomeViewController.swift */,
				D1EC0B14228CD74500A3C47E /* YMMineViewController.swift */,
				D1EC0B16228CD77200A3C47E /* YMNewCareViewController.swift */,
				D1EC0B18228CD7C100A3C47E /* YMVideoViewController.swift */,
				D1EC0AE7228CD5DC00A3C47E /* Assets.xcassets */,
				D1EC0AE9228CD5DC00A3C47E /* LaunchScreen.storyboard */,
				D1EC0AEC228CD5DC00A3C47E /* Info.plist */,
			);
			path = TodayNews;
			sourceTree = "<group>";
		};
		D1EC0AF4228CD5DD00A3C47E /* TodayNewsTests */ = {
			isa = PBXGroup;
			children = (
				D1EC0AF5228CD5DD00A3C47E /* TodayNewsTests.swift */,
				D1EC0AF7228CD5DD00A3C47E /* Info.plist */,
			);
			path = TodayNewsTests;
			sourceTree = "<group>";
		};
		D1EC0AFF228CD5DD00A3C47E /* TodayNewsUITests */ = {
			isa = PBXGroup;
			children = (
				D1EC0B00228CD5DD00A3C47E /* TodayNewsUITests.swift */,
				D1EC0B02228CD5DD00A3C47E /* Info.plist */,
			);
			path = TodayNewsUITests;
			sourceTree = "<group>";
		};
/* End PBXGroup section */

/* Begin PBXNativeTarget section */
		D1EC0ADC228CD5D800A3C47E /* TodayNews */ = {
			isa = PBXNativeTarget;
			buildConfigurationList = D1EC0B05228CD5DD00A3C47E /* Build configuration list for PBXNativeTarget "TodayNews" */;
			buildPhases = (
				62B7723ABFE88487DADF69BF /* [CP] Check Pods Manifest.lock */,
				D1EC0AD9228CD5D800A3C47E /* Sources */,
				D1EC0ADA228CD5D800A3C47E /* Frameworks */,
				D1EC0ADB228CD5D800A3C47E /* Resources */,
				4FE4B1D73BC43E1BD0B27D77 /* [CP] Embed Pods Frameworks */,
			);
			buildRules = (
			);
			dependencies = (
			);
			name = TodayNews;
			productName = TodayNews;
			productReference = D1EC0ADD228CD5D800A3C47E /* TodayNews.app */;
			productType = "com.apple.product-type.application";
		};
		D1EC0AF0228CD5DD00A3C47E /* TodayNewsTests */ = {
			isa = PBXNativeTarget;
			buildConfigurationList = D1EC0B08228CD5DD00A3C47E /* Build configuration list for PBXNativeTarget "TodayNewsTests" */;
			buildPhases = (
				D1EC0AED228CD5DD00A3C47E /* Sources */,
				D1EC0AEE228CD5DD00A3C47E /* Frameworks */,
				D1EC0AEF228CD5DD00A3C47E /* Resources */,
			);
			buildRules = (
			);
			dependencies = (
				D1EC0AF3228CD5DD00A3C47E /* PBXTargetDependency */,
			);
			name = TodayNewsTests;
			productName = TodayNewsTests;
			productReference = D1EC0AF1228CD5DD00A3C47E /* TodayNewsTests.xctest */;
			productType = "com.apple.product-type.bundle.unit-test";
		};
		D1EC0AFB228CD5DD00A3C47E /* TodayNewsUITests */ = {
			isa = PBXNativeTarget;
			buildConfigurationList = D1EC0B0B228CD5DD00A3C47E /* Build configuration list for PBXNativeTarget "TodayNewsUITests" */;
			buildPhases = (
				D1EC0AF8228CD5DD00A3C47E /* Sources */,
				D1EC0AF9228CD5DD00A3C47E /* Frameworks */,
				D1EC0AFA228CD5DD00A3C47E /* Resources */,
			);
			buildRules = (
			);
			dependencies = (
				D1EC0AFE228CD5DD00A3C47E /* PBXTargetDependency */,
			);
			name = TodayNewsUITests;
			productName = TodayNewsUITests;
			productReference = D1EC0AFC228CD5DD00A3C47E /* TodayNewsUITests.xctest */;
			productType = "com.apple.product-type.bundle.ui-testing";
		};
/* End PBXNativeTarget section */

/* Begin PBXProject section */
		D1EC0AD5228CD5D800A3C47E /* Project object */ = {
			isa = PBXProject;
			attributes = {
				LastSwiftUpdateCheck = 1020;
				LastUpgradeCheck = 1020;
				ORGANIZATIONNAME = "林小興";
				TargetAttributes = {
					D1EC0ADC228CD5D800A3C47E = {
						CreatedOnToolsVersion = 10.2;
					};
					D1EC0AF0228CD5DD00A3C47E = {
						CreatedOnToolsVersion = 10.2;
						TestTargetID = D1EC0ADC228CD5D800A3C47E;
					};
					D1EC0AFB228CD5DD00A3C47E = {
						CreatedOnToolsVersion = 10.2;
						TestTargetID = D1EC0ADC228CD5D800A3C47E;
					};
				};
			};
			buildConfigurationList = D1EC0AD8228CD5D800A3C47E /* Build configuration list for PBXProject "TodayNews" */;
			compatibilityVersion = "Xcode 9.3";
			developmentRegion = en;
			hasScannedForEncodings = 0;
			knownRegions = (
				en,
				Base,
			);
			mainGroup = D1EC0AD4228CD5D800A3C47E;
			productRefGroup = D1EC0ADE228CD5D800A3C47E /* Products */;
			projectDirPath = "";
			projectRoot = "";
			targets = (
				D1EC0ADC228CD5D800A3C47E /* TodayNews */,
				D1EC0AF0228CD5DD00A3C47E /* TodayNewsTests */,
				D1EC0AFB228CD5DD00A3C47E /* TodayNewsUITests */,
			);
		};
/* End PBXProject section */

/* Begin PBXResourcesBuildPhase section */
		D1EC0ADB228CD5D800A3C47E /* Resources */ = {
			isa = PBXResourcesBuildPhase;
			buildActionMask = 2147483647;
			files = (
				D1EC0AEB228CD5DC00A3C47E /* LaunchScreen.storyboard in Resources */,
				D1EC0AE8228CD5DC00A3C47E /* Assets.xcassets in Resources */,
				D1EC0AE6228CD5D800A3C47E /* Main.storyboard in Resources */,
			);
			runOnlyForDeploymentPostprocessing = 0;
		};
		D1EC0AEF228CD5DD00A3C47E /* Resources */ = {
			isa = PBXResourcesBuildPhase;
			buildActionMask = 2147483647;
			files = (
			);
			runOnlyForDeploymentPostprocessing = 0;
		};
		D1EC0AFA228CD5DD00A3C47E /* Resources */ = {
			isa = PBXResourcesBuildPhase;
			buildActionMask = 2147483647;
			files = (
			);
			runOnlyForDeploymentPostprocessing = 0;
		};
/* End PBXResourcesBuildPhase section */

/* Begin PBXShellScriptBuildPhase section */
		4FE4B1D73BC43E1BD0B27D77 /* [CP] Embed Pods Frameworks */ = {
			isa = PBXShellScriptBuildPhase;
			buildActionMask = 2147483647;
			files = (
			);
			inputFileListPaths = (
			);
			inputPaths = (
				"${PODS_ROOT}/Target Support Files/Pods-TodayNews/Pods-TodayNews-frameworks.sh",
				"${BUILT_PRODUCTS_DIR}/Alamofire/Alamofire.framework",
				"${BUILT_PRODUCTS_DIR}/FDFullscreenPopGesture/FDFullscreenPopGesture.framework",
				"${BUILT_PRODUCTS_DIR}/Kingfisher/Kingfisher.framework",
				"${BUILT_PRODUCTS_DIR}/SVProgressHUD/SVProgressHUD.framework",
				"${BUILT_PRODUCTS_DIR}/SnapKit/SnapKit.framework",
				"${BUILT_PRODUCTS_DIR}/SwiftyJSON/SwiftyJSON.framework",
			);
			name = "[CP] Embed Pods Frameworks";
			outputFileListPaths = (
			);
			outputPaths = (
				"${TARGET_BUILD_DIR}/${FRAMEWORKS_FOLDER_PATH}/Alamofire.framework",
				"${TARGET_BUILD_DIR}/${FRAMEWORKS_FOLDER_PATH}/FDFullscreenPopGesture.framework",
				"${TARGET_BUILD_DIR}/${FRAMEWORKS_FOLDER_PATH}/Kingfisher.framework",
				"${TARGET_BUILD_DIR}/${FRAMEWORKS_FOLDER_PATH}/SVProgressHUD.framework",
				"${TARGET_BUILD_DIR}/${FRAMEWORKS_FOLDER_PATH}/SnapKit.framework",
				"${TARGET_BUILD_DIR}/${FRAMEWORKS_FOLDER_PATH}/SwiftyJSON.framework",
			);
			runOnlyForDeploymentPostprocessing = 0;
			shellPath = /bin/sh;
			shellScript = "\"${PODS_ROOT}/Target Support Files/Pods-TodayNews/Pods-TodayNews-frameworks.sh\"\n";
			showEnvVarsInLog = 0;
		};
		62B7723ABFE88487DADF69BF /* [CP] Check Pods Manifest.lock */ = {
			isa = PBXShellScriptBuildPhase;
			buildActionMask = 2147483647;
			files = (
			);
			inputFileListPaths = (
			);
			inputPaths = (
				"${PODS_PODFILE_DIR_PATH}/Podfile.lock",
				"${PODS_ROOT}/Manifest.lock",
			);
			name = "[CP] Check Pods Manifest.lock";
			outputFileListPaths = (
			);
			outputPaths = (
				"$(DERIVED_FILE_DIR)/Pods-TodayNews-checkManifestLockResult.txt",
			);
			runOnlyForDeploymentPostprocessing = 0;
			shellPath = /bin/sh;
			shellScript = "diff \"${PODS_PODFILE_DIR_PATH}/Podfile.lock\" \"${PODS_ROOT}/Manifest.lock\" > /dev/null\nif [ $? != 0 ] ; then\n    # print error to STDERR\n    echo \"error: The sandbox is not in sync with the Podfile.lock. Run 'pod install' or update your CocoaPods installation.\" >&2\n    exit 1\nfi\n# This output is used by Xcode 'outputs' to avoid re-running this script phase.\necho \"SUCCESS\" > \"${SCRIPT_OUTPUT_FILE_0}\"\n";
			showEnvVarsInLog = 0;
		};
/* End PBXShellScriptBuildPhase section */

/* Begin PBXSourcesBuildPhase section */
		D1EC0AD9228CD5D800A3C47E /* Sources */ = {
			isa = PBXSourcesBuildPhase;
			buildActionMask = 2147483647;
			files = (
				D1EC0B17228CD77200A3C47E /* YMNewCareViewController.swift in Sources */,
				D1EC0B13228CD72600A3C47E /* YMHomeViewController.swift in Sources */,
				D1EC0B19228CD7C100A3C47E /* YMVideoViewController.swift in Sources */,
				D1EC0AE3228CD5D800A3C47E /* ViewController.swift in Sources */,
				D1EC0B11228CD6FA00A3C47E /* YMBaseViewController.swift in Sources */,
				D1EC0B15228CD74500A3C47E /* YMMineViewController.swift in Sources */,
				D1EC0B0F228CD6BD00A3C47E /* YMTabBarController.swift in Sources */,
				D1EC0B1B228CDAEA00A3C47E /* YMNavigationController.swift in Sources */,
				D1EC0AE1228CD5D800A3C47E /* AppDelegate.swift in Sources */,
			);
			runOnlyForDeploymentPostprocessing = 0;
		};
		D1EC0AED228CD5DD00A3C47E /* Sources */ = {
			isa = PBXSourcesBuildPhase;
			buildActionMask = 2147483647;
			files = (
				D1EC0AF6228CD5DD00A3C47E /* TodayNewsTests.swift in Sources */,
			);
			runOnlyForDeploymentPostprocessing = 0;
		};
		D1EC0AF8228CD5DD00A3C47E /* Sources */ = {
			isa = PBXSourcesBuildPhase;
			buildActionMask = 2147483647;
			files = (
				D1EC0B01228CD5DD00A3C47E /* TodayNewsUITests.swift in Sources */,
			);
			runOnlyForDeploymentPostprocessing = 0;
		};
/* End PBXSourcesBuildPhase section */

/* Begin PBXTargetDependency section */
		D1EC0AF3228CD5DD00A3C47E /* PBXTargetDependency */ = {
			isa = PBXTargetDependency;
			target = D1EC0ADC228CD5D800A3C47E /* TodayNews */;
			targetProxy = D1EC0AF2228CD5DD00A3C47E /* PBXContainerItemProxy */;
		};
		D1EC0AFE228CD5DD00A3C47E /* PBXTargetDependency */ = {
			isa = PBXTargetDependency;
			target = D1EC0ADC228CD5D800A3C47E /* TodayNews */;
			targetProxy = D1EC0AFD228CD5DD00A3C47E /* PBXContainerItemProxy */;
		};
/* End PBXTargetDependency section */

/* Begin PBXVariantGroup section */
		D1EC0AE4228CD5D800A3C47E /* Main.storyboard */ = {
			isa = PBXVariantGroup;
			children = (
				D1EC0AE5228CD5D800A3C47E /* Base */,
			);
			name = Main.storyboard;
			sourceTree = "<group>";
		};
		D1EC0AE9228CD5DC00A3C47E /* LaunchScreen.storyboard */ = {
			isa = PBXVariantGroup;
			children = (
				D1EC0AEA228CD5DC00A3C47E /* Base */,
			);
			name = LaunchScreen.storyboard;
			sourceTree = "<group>";
		};
/* End PBXVariantGroup section */

/* Begin XCBuildConfiguration section */
		D1EC0B03228CD5DD00A3C47E /* Debug */ = {
			isa = XCBuildConfiguration;
			buildSettings = {
				ALWAYS_SEARCH_USER_PATHS = NO;
				CLANG_ANALYZER_NONNULL = YES;
				CLANG_ANALYZER_NUMBER_OBJECT_CONVERSION = YES_AGGRESSIVE;
				CLANG_CXX_LANGUAGE_STANDARD = "gnu++14";
				CLANG_CXX_LIBRARY = "libc++";
				CLANG_ENABLE_MODULES = YES;
				CLANG_ENABLE_OBJC_ARC = YES;
				CLANG_ENABLE_OBJC_WEAK = YES;
				CLANG_WARN_BLOCK_CAPTURE_AUTORELEASING = YES;
				CLANG_WARN_BOOL_CONVERSION = YES;
				CLANG_WARN_COMMA = YES;
				CLANG_WARN_CONSTANT_CONVERSION = YES;
				CLANG_WARN_DEPRECATED_OBJC_IMPLEMENTATIONS = YES;
				CLANG_WARN_DIRECT_OBJC_ISA_USAGE = YES_ERROR;
				CLANG_WARN_DOCUMENTATION_COMMENTS = YES;
				CLANG_WARN_EMPTY_BODY = YES;
				CLANG_WARN_ENUM_CONVERSION = YES;
				CLANG_WARN_INFINITE_RECURSION = YES;
				CLANG_WARN_INT_CONVERSION = YES;
				CLANG_WARN_NON_LITERAL_NULL_CONVERSION = YES;
				CLANG_WARN_OBJC_IMPLICIT_RETAIN_SELF = YES;
				CLANG_WARN_OBJC_LITERAL_CONVERSION = YES;
				CLANG_WARN_OBJC_ROOT_CLASS = YES_ERROR;
				CLANG_WARN_RANGE_LOOP_ANALYSIS = YES;
				CLANG_WARN_STRICT_PROTOTYPES = YES;
				CLANG_WARN_SUSPICIOUS_MOVE = YES;
				CLANG_WARN_UNGUARDED_AVAILABILITY = YES_AGGRESSIVE;
				CLANG_WARN_UNREACHABLE_CODE = YES;
				CLANG_WARN__DUPLICATE_METHOD_MATCH = YES;
				CODE_SIGN_IDENTITY = "iPhone Developer";
				COPY_PHASE_STRIP = NO;
				DEBUG_INFORMATION_FORMAT = dwarf;
				ENABLE_STRICT_OBJC_MSGSEND = YES;
				ENABLE_TESTABILITY = YES;
				GCC_C_LANGUAGE_STANDARD = gnu11;
				GCC_DYNAMIC_NO_PIC = NO;
				GCC_NO_COMMON_BLOCKS = YES;
				GCC_OPTIMIZATION_LEVEL = 0;
				GCC_PREPROCESSOR_DEFINITIONS = (
					"DEBUG=1",
					"$(inherited)",
				);
				GCC_WARN_64_TO_32_BIT_CONVERSION = YES;
				GCC_WARN_ABOUT_RETURN_TYPE = YES_ERROR;
				GCC_WARN_UNDECLARED_SELECTOR = YES;
				GCC_WARN_UNINITIALIZED_AUTOS = YES_AGGRESSIVE;
				GCC_WARN_UNUSED_FUNCTION = YES;
				GCC_WARN_UNUSED_VARIABLE = YES;
				IPHONEOS_DEPLOYMENT_TARGET = 12.2;
				MTL_ENABLE_DEBUG_INFO = INCLUDE_SOURCE;
				MTL_FAST_MATH = YES;
				ONLY_ACTIVE_ARCH = YES;
				SDKROOT = iphoneos;
				SWIFT_ACTIVE_COMPILATION_CONDITIONS = DEBUG;
				SWIFT_OPTIMIZATION_LEVEL = "-Onone";
			};
			name = Debug;
		};
		D1EC0B04228CD5DD00A3C47E /* Release */ = {
			isa = XCBuildConfiguration;
			buildSettings = {
				ALWAYS_SEARCH_USER_PATHS = NO;
				CLANG_ANALYZER_NONNULL = YES;
				CLANG_ANALYZER_NUMBER_OBJECT_CONVERSION = YES_AGGRESSIVE;
				CLANG_CXX_LANGUAGE_STANDARD = "gnu++14";
				CLANG_CXX_LIBRARY = "libc++";
				CLANG_ENABLE_MODULES = YES;
				CLANG_ENABLE_OBJC_ARC = YES;
				CLANG_ENABLE_OBJC_WEAK = YES;
				CLANG_WARN_BLOCK_CAPTURE_AUTORELEASING = YES;
				CLANG_WARN_BOOL_CONVERSION = YES;
				CLANG_WARN_COMMA = YES;
				CLANG_WARN_CONSTANT_CONVERSION = YES;
				CLANG_WARN_DEPRECATED_OBJC_IMPLEMENTATIONS = YES;
				CLANG_WARN_DIRECT_OBJC_ISA_USAGE = YES_ERROR;
				CLANG_WARN_DOCUMENTATION_COMMENTS = YES;
				CLANG_WARN_EMPTY_BODY = YES;
				CLANG_WARN_ENUM_CONVERSION = YES;
				CLANG_WARN_INFINITE_RECURSION = YES;
				CLANG_WARN_INT_CONVERSION = YES;
				CLANG_WARN_NON_LITERAL_NULL_CONVERSION = YES;
				CLANG_WARN_OBJC_IMPLICIT_RETAIN_SELF = YES;
				CLANG_WARN_OBJC_LITERAL_CONVERSION = YES;
				CLANG_WARN_OBJC_ROOT_CLASS = YES_ERROR;
				CLANG_WARN_RANGE_LOOP_ANALYSIS = YES;
				CLANG_WARN_STRICT_PROTOTYPES = YES;
				CLANG_WARN_SUSPICIOUS_MOVE = YES;
				CLANG_WARN_UNGUARDED_AVAILABILITY = YES_AGGRESSIVE;
				CLANG_WARN_UNREACHABLE_CODE = YES;
				CLANG_WARN__DUPLICATE_METHOD_MATCH = YES;
				CODE_SIGN_IDENTITY = "iPhone Developer";
				COPY_PHASE_STRIP = NO;
				DEBUG_INFORMATION_FORMAT = "dwarf-with-dsym";
				ENABLE_NS_ASSERTIONS = NO;
				ENABLE_STRICT_OBJC_MSGSEND = YES;
				GCC_C_LANGUAGE_STANDARD = gnu11;
				GCC_NO_COMMON_BLOCKS = YES;
				GCC_WARN_64_TO_32_BIT_CONVERSION = YES;
				GCC_WARN_ABOUT_RETURN_TYPE = YES_ERROR;
				GCC_WARN_UNDECLARED_SELECTOR = YES;
				GCC_WARN_UNINITIALIZED_AUTOS = YES_AGGRESSIVE;
				GCC_WARN_UNUSED_FUNCTION = YES;
				GCC_WARN_UNUSED_VARIABLE = YES;
				IPHONEOS_DEPLOYMENT_TARGET = 12.2;
				MTL_ENABLE_DEBUG_INFO = NO;
				MTL_FAST_MATH = YES;
				SDKROOT = iphoneos;
				SWIFT_COMPILATION_MODE = wholemodule;
				SWIFT_OPTIMIZATION_LEVEL = "-O";
				VALIDATE_PRODUCT = YES;
			};
			name = Release;
		};
		D1EC0B06228CD5DD00A3C47E /* Debug */ = {
			isa = XCBuildConfiguration;
			baseConfigurationReference = B7E5AD36BC72EF5B129B8600 /* Pods-TodayNews.debug.xcconfig */;
			buildSettings = {
				ASSETCATALOG_COMPILER_APPICON_NAME = AppIcon;
				CODE_SIGN_STYLE = Automatic;
				DEVELOPMENT_TEAM = FC6L75WZ8A;
				INFOPLIST_FILE = TodayNews/Info.plist;
				LD_RUNPATH_SEARCH_PATHS = (
					"$(inherited)",
					"@executable_path/Frameworks",
				);
				PRODUCT_BUNDLE_IDENTIFIER = test.TodayNews;
				PRODUCT_NAME = "$(TARGET_NAME)";
				SWIFT_VERSION = 5.0;
				TARGETED_DEVICE_FAMILY = "1,2";
			};
			name = Debug;
		};
		D1EC0B07228CD5DD00A3C47E /* Release */ = {
			isa = XCBuildConfiguration;
			baseConfigurationReference = FF2100FC8B7AE4199733F376 /* Pods-TodayNews.release.xcconfig */;
			buildSettings = {
				ASSETCATALOG_COMPILER_APPICON_NAME = AppIcon;
				CODE_SIGN_STYLE = Automatic;
				DEVELOPMENT_TEAM = FC6L75WZ8A;
				INFOPLIST_FILE = TodayNews/Info.plist;
				LD_RUNPATH_SEARCH_PATHS = (
					"$(inherited)",
					"@executable_path/Frameworks",
				);
				PRODUCT_BUNDLE_IDENTIFIER = test.TodayNews;
				PRODUCT_NAME = "$(TARGET_NAME)";
				SWIFT_VERSION = 5.0;
				TARGETED_DEVICE_FAMILY = "1,2";
			};
			name = Release;
		};
		D1EC0B09228CD5DD00A3C47E /* Debug */ = {
			isa = XCBuildConfiguration;
			buildSettings = {
				ALWAYS_EMBED_SWIFT_STANDARD_LIBRARIES = YES;
				BUNDLE_LOADER = "$(TEST_HOST)";
				CODE_SIGN_STYLE = Automatic;
				DEVELOPMENT_TEAM = FC6L75WZ8A;
				INFOPLIST_FILE = TodayNewsTests/Info.plist;
				LD_RUNPATH_SEARCH_PATHS = (
					"$(inherited)",
					"@executable_path/Frameworks",
					"@loader_path/Frameworks",
				);
				PRODUCT_BUNDLE_IDENTIFIER = test.TodayNewsTests;
				PRODUCT_NAME = "$(TARGET_NAME)";
				SWIFT_VERSION = 5.0;
				TARGETED_DEVICE_FAMILY = "1,2";
				TEST_HOST = "$(BUILT_PRODUCTS_DIR)/TodayNews.app/TodayNews";
			};
			name = Debug;
		};
		D1EC0B0A228CD5DD00A3C47E /* Release */ = {
			isa = XCBuildConfiguration;
			buildSettings = {
				ALWAYS_EMBED_SWIFT_STANDARD_LIBRARIES = YES;
				BUNDLE_LOADER = "$(TEST_HOST)";
				CODE_SIGN_STYLE = Automatic;
				DEVELOPMENT_TEAM = FC6L75WZ8A;
				INFOPLIST_FILE = TodayNewsTests/Info.plist;
				LD_RUNPATH_SEARCH_PATHS = (
					"$(inherited)",
					"@executable_path/Frameworks",
					"@loader_path/Frameworks",
				);
				PRODUCT_BUNDLE_IDENTIFIER = test.TodayNewsTests;
				PRODUCT_NAME = "$(TARGET_NAME)";
				SWIFT_VERSION = 5.0;
				TARGETED_DEVICE_FAMILY = "1,2";
				TEST_HOST = "$(BUILT_PRODUCTS_DIR)/TodayNews.app/TodayNews";
			};
			name = Release;
		};
		D1EC0B0C228CD5DD00A3C47E /* Debug */ = {
			isa = XCBuildConfiguration;
			buildSettings = {
				ALWAYS_EMBED_SWIFT_STANDARD_LIBRARIES = YES;
				CODE_SIGN_STYLE = Automatic;
				DEVELOPMENT_TEAM = FC6L75WZ8A;
				INFOPLIST_FILE = TodayNewsUITests/Info.plist;
				LD_RUNPATH_SEARCH_PATHS = (
					"$(inherited)",
					"@executable_path/Frameworks",
					"@loader_path/Frameworks",
				);
				PRODUCT_BUNDLE_IDENTIFIER = test.TodayNewsUITests;
				PRODUCT_NAME = "$(TARGET_NAME)";
				SWIFT_VERSION = 5.0;
				TARGETED_DEVICE_FAMILY = "1,2";
				TEST_TARGET_NAME = TodayNews;
			};
			name = Debug;
		};
		D1EC0B0D228CD5DD00A3C47E /* Release */ = {
			isa = XCBuildConfiguration;
			buildSettings = {
				ALWAYS_EMBED_SWIFT_STANDARD_LIBRARIES = YES;
				CODE_SIGN_STYLE = Automatic;
				DEVELOPMENT_TEAM = FC6L75WZ8A;
				INFOPLIST_FILE = TodayNewsUITests/Info.plist;
				LD_RUNPATH_SEARCH_PATHS = (
					"$(inherited)",
					"@executable_path/Frameworks",
					"@loader_path/Frameworks",
				);
				PRODUCT_BUNDLE_IDENTIFIER = test.TodayNewsUITests;
				PRODUCT_NAME = "$(TARGET_NAME)";
				SWIFT_VERSION = 5.0;
				TARGETED_DEVICE_FAMILY = "1,2";
				TEST_TARGET_NAME = TodayNews;
			};
			name = Release;
		};
/* End XCBuildConfiguration section */

/* Begin XCConfigurationList section */
		D1EC0AD8228CD5D800A3C47E /* Build configuration list for PBXProject "TodayNews" */ = {
			isa = XCConfigurationList;
			buildConfigurations = (
				D1EC0B03228CD5DD00A3C47E /* Debug */,
				D1EC0B04228CD5DD00A3C47E /* Release */,
			);
			defaultConfigurationIsVisible = 0;
			defaultConfigurationName = Release;
		};
		D1EC0B05228CD5DD00A3C47E /* Build configuration list for PBXNativeTarget "TodayNews" */ = {
			isa = XCConfigurationList;
			buildConfigurations = (
				D1EC0B06228CD5DD00A3C47E /* Debug */,
				D1EC0B07228CD5DD00A3C47E /* Release */,
			);
			defaultConfigurationIsVisible = 0;
			defaultConfigurationName = Release;
		};
		D1EC0B08228CD5DD00A3C47E /* Build configuration list for PBXNativeTarget "TodayNewsTests" */ = {
			isa = XCConfigurationList;
			buildConfigurations = (
				D1EC0B09228CD5DD00A3C47E /* Debug */,
				D1EC0B0A228CD5DD00A3C47E /* Release */,
			);
			defaultConfigurationIsVisible = 0;
			defaultConfigurationName = Release;
		};
		D1EC0B0B228CD5DD00A3C47E /* Build configuration list for PBXNativeTarget "TodayNewsUITests" */ = {
			isa = XCConfigurationList;
			buildConfigurations = (
				D1EC0B0C228CD5DD00A3C47E /* Debug */,
				D1EC0B0D228CD5DD00A3C47E /* Release */,
			);
			defaultConfigurationIsVisible = 0;
			defaultConfigurationName = Release;
		};
/* End XCConfigurationList section */
	};
	rootObject = D1EC0AD5228CD5D800A3C47E /* Project object */;
}
